
Microsoft Visual Studio Solution File, Format Version 12.00
# Visual Studio 2012
# Ranorex Studio 10.7.0
VisualStudioVersion = 12.0.20827.3
MinimumVisualStudioVersion = 10.0.40219.1
Project("{FAE04EC0-301F-11D3-BF4B-00C04F79EFBC}") = "jenkinsNew11", "jenkinsNew11\jenkinsNew11.csproj", "{9A7BE82F-C9ED-43EE-8E7A-94DE4FE9190F}"
EndProject
Project("{2150E333-8FDC-42A3-9474-1A3956D46DE8}") = "Solution Items", "Solution Items", "{DE84EAEE-B8ED-41BC-8EB9-182F3550B3B2}"
	ProjectSection(SolutionItems) = postProject
		Ranorex = .\Ranorex.rxsettings
	EndProjectSection
EndProject
Global
	GlobalSection(SolutionConfigurationPlatforms) = preSolution
		Debug|x86 = Debug|x86
		Release|x86 = Release|x86
	EndGlobalSection
	GlobalSection(ProjectConfigurationPlatforms) = postSolution
		{9A7BE82F-C9ED-43EE-8E7A-94DE4FE9190F}.Debug|x86.Build.0 = Debug|x86
		{9A7BE82F-C9ED-43EE-8E7A-94DE4FE9190F}.Debug|x86.ActiveCfg = Debug|x86
		{9A7BE82F-C9ED-43EE-8E7A-94DE4FE9190F}.Release|x86.Build.0 = Release|x86
		{9A7BE82F-C9ED-43EE-8E7A-94DE4FE9190F}.Release|x86.ActiveCfg = Release|x86
	EndGlobalSection
EndGlobal
